Microsoft Visual Studio Solution File, Format Version 12.00
# Visual Studio 2012
Project("{FAE04EC0-301F-11D3-BF4B-00C04F79EFBC}") = "Brotato", "Brotato.csproj", "{9B832EBE-EA04-4FCE-B596-27973F71B5EA}"
EndProject
Global
	GlobalSection(SolutionConfigurationPlatforms) = preSolution
		Debug|Any CPU = Debug|Any CPU
		ExportDebug|Any CPU = ExportDebug|Any CPU
		ExportRelease|Any CPU = ExportRelease|Any CPU
	EndGlobalSection
	GlobalSection(ProjectConfigurationPlatforms) = postSolution
		{9B832EBE-EA04-4FCE-B596-27973F71B5EA}.Debug|Any CPU.ActiveCfg = Debug|Any CPU
		{9B832EBE-EA04-4FCE-B596-27973F71B5EA}.Debug|Any CPU.Build.0 = Debug|Any CPU
		{9B832EBE-EA04-4FCE-B596-27973F71B5EA}.ExportDebug|Any CPU.ActiveCfg = ExportDebug|Any CPU
		{9B832EBE-EA04-4FCE-B596-27973F71B5EA}.ExportDebug|Any CPU.Build.0 = ExportDebug|Any CPU
		{9B832EBE-EA04-4FCE-B596-27973F71B5EA}.ExportRelease|Any CPU.ActiveCfg = ExportRelease|Any CPU
		{9B832EBE-EA04-4FCE-B596-27973F71B5EA}.ExportRelease|Any CPU.Build.0 = ExportRelease|Any CPU
	EndGlobalSection
	GlobalSection(SolutionProperties) = preSolution
		HideSolutionNode = FALSE
	EndGlobalSection
EndGlobal

